
Microsoft Visual Studio Solution File, Format Version 12.00
# Visual Studio 15
VisualStudioVersion = 15.0.28010.2050
MinimumVisualStudioVersion = 10.0.40219.1
Project("{FAE04EC0-301F-11D3-BF4B-00C04F79EFBC}") = "variables1", "variables1\variables1.csproj", "{5359B098-64E0-446F-AD74-52FE9D2F0C2B}"
EndProject
Global
	GlobalSection(SolutionConfigurationPlatforms) = preSolution
		Debug|Any CPU = Debug|Any CPU
		Release|Any CPU = Release|Any CPU
	EndGlobalSection
	GlobalSection(ProjectConfigurationPlatforms) = postSolution
		{5359B098-64E0-446F-AD74-52FE9D2F0C2B}.Debug|Any CPU.ActiveCfg = Debug|Any CPU
		{5359B098-64E0-446F-AD74-52FE9D2F0C2B}.Debug|Any CPU.Build.0 = Debug|Any CPU
		{5359B098-64E0-446F-AD74-52FE9D2F0C2B}.Release|Any CPU.ActiveCfg = Release|Any CPU
		{5359B098-64E0-446F-AD74-52FE9D2F0C2B}.Release|Any CPU.Build.0 = Release|Any CPU
	EndGlobalSection
	GlobalSection(SolutionProperties) = preSolution
		HideSolutionNode = FALSE
	EndGlobalSection
	GlobalSection(ExtensibilityGlobals) = postSolution
		SolutionGuid = {F39DB311-0E97-4CF3-98DF-4FE43312E3FA}
	EndGlobalSection
EndGlobal
