
Microsoft Visual Studio Solution File, Format Version 12.00
# Visual Studio 15
VisualStudioVersion = 15.0.28010.2050
MinimumVisualStudioVersion = 10.0.40219.1
Project("{FAE04EC0-301F-11D3-BF4B-00C04F79EFBC}") = "variables3-bmi9", "variables3-bmi9\variables3-bmi9.csproj", "{D1AE236C-E63E-4BAD-871B-CDA31C6288E1}"
EndProject
Global
	GlobalSection(SolutionConfigurationPlatforms) = preSolution
		Debug|Any CPU = Debug|Any CPU
		Release|Any CPU = Release|Any CPU
	EndGlobalSection
	GlobalSection(ProjectConfigurationPlatforms) = postSolution
		{D1AE236C-E63E-4BAD-871B-CDA31C6288E1}.Debug|Any CPU.ActiveCfg = Debug|Any CPU
		{D1AE236C-E63E-4BAD-871B-CDA31C6288E1}.Debug|Any CPU.Build.0 = Debug|Any CPU
		{D1AE236C-E63E-4BAD-871B-CDA31C6288E1}.Release|Any CPU.ActiveCfg = Release|Any CPU
		{D1AE236C-E63E-4BAD-871B-CDA31C6288E1}.Release|Any CPU.Build.0 = Release|Any CPU
	EndGlobalSection
	GlobalSection(SolutionProperties) = preSolution
		HideSolutionNode = FALSE
	EndGlobalSection
	GlobalSection(ExtensibilityGlobals) = postSolution
		SolutionGuid = {A4F761F8-FC06-4207-A2C5-0D5C23337271}
	EndGlobalSection
EndGlobal
