
Microsoft Visual Studio Solution File, Format Version 12.00
# Visual Studio 15
VisualStudioVersion = 15.0.28010.2050
MinimumVisualStudioVersion = 10.0.40219.1
Project("{FAE04EC0-301F-11D3-BF4B-00C04F79EFBC}") = "variables-SecondsInADay13", "variables-SecondsInADay13\variables-SecondsInADay13.csproj", "{2CE736A5-B990-4671-947D-42BFE54066DA}"
EndProject
Global
	GlobalSection(SolutionConfigurationPlatforms) = preSolution
		Debug|Any CPU = Debug|Any CPU
		Release|Any CPU = Release|Any CPU
	EndGlobalSection
	GlobalSection(ProjectConfigurationPlatforms) = postSolution
		{2CE736A5-B990-4671-947D-42BFE54066DA}.Debug|Any CPU.ActiveCfg = Debug|Any CPU
		{2CE736A5-B990-4671-947D-42BFE54066DA}.Debug|Any CPU.Build.0 = Debug|Any CPU
		{2CE736A5-B990-4671-947D-42BFE54066DA}.Release|Any CPU.ActiveCfg = Release|Any CPU
		{2CE736A5-B990-4671-947D-42BFE54066DA}.Release|Any CPU.Build.0 = Release|Any CPU
	EndGlobalSection
	GlobalSection(SolutionProperties) = preSolution
		HideSolutionNode = FALSE
	EndGlobalSection
	GlobalSection(ExtensibilityGlobals) = postSolution
		SolutionGuid = {EC67EC19-75B8-406A-9716-EF49B7FE69E6}
	EndGlobalSection
EndGlobal
